
Microsoft Visual Studio Solution File, Format Version 12.00
# Visual Studio Version 17
VisualStudioVersion = 17.10.35004.147
MinimumVisualStudioVersion = 10.0.40219.1
Project("{FAE04EC0-301F-11D3-BF4B-00C04F79EFBC}") = "SistemaInventario.Api", "SistemaInventario.Api\SistemaInventario.Api.csproj", "{BF810312-560F-423C-A288-43DF6732ED79}"
EndProject
Global
	GlobalSection(SolutionConfigurationPlatforms) = preSolution
		Debug|Any CPU = Debug|Any CPU
		Release|Any CPU = Release|Any CPU
	EndGlobalSection
	GlobalSection(ProjectConfigurationPlatforms) = postSolution
		{BF810312-560F-423C-A288-43DF6732ED79}.Debug|Any CPU.ActiveCfg = Debug|Any CPU
		{BF810312-560F-423C-A288-43DF6732ED79}.Debug|Any CPU.Build.0 = Debug|Any CPU
		{BF810312-560F-423C-A288-43DF6732ED79}.Release|Any CPU.ActiveCfg = Release|Any CPU
		{BF810312-560F-423C-A288-43DF6732ED79}.Release|Any CPU.Build.0 = Release|Any CPU
	EndGlobalSection
	GlobalSection(SolutionProperties) = preSolution
		HideSolutionNode = FALSE
	EndGlobalSection
	GlobalSection(ExtensibilityGlobals) = postSolution
		SolutionGuid = {FE03970E-C6B0-4FEA-B87B-65BCFA16F8C7}
	EndGlobalSection
EndGlobal
